
Microsoft Visual Studio Solution File, Format Version 12.00
# Visual Studio 15
Project("{FAE04EC0-301F-11D3-BF4B-00C04F79EFBC}") = "UnityEngine.UI", "UnityEngine.UI.csproj", "{D3E68B37-90E7-31C3-B3AD-A6B5660F13A8}"
EndProject
Project("{FAE04EC0-301F-11D3-BF4B-00C04F79EFBC}") = "UnityEngine.TestRunner", "UnityEngine.TestRunner.csproj", "{78A75F1E-C336-C8E4-8C4C-BD54BDFC4C44}"
EndProject
Project("{FAE04EC0-301F-11D3-BF4B-00C04F79EFBC}") = "Unity.VisualScripting.Flow", "Unity.VisualScripting.Flow.csproj", "{207975E9-E1B6-B7E5-F748-C843DA753700}"
EndProject
Project("{FAE04EC0-301F-11D3-BF4B-00C04F79EFBC}") = "Unity.VisualScripting.State", "Unity.VisualScripting.State.csproj", "{B9B56E57-398C-EE30-62EA-A65D6B0D778A}"
EndProject
Project("{FAE04EC0-301F-11D3-BF4B-00C04F79EFBC}") = "Unity.VisualScripting.Core", "Unity.VisualScripting.Core.csproj", "{DB15AE32-C11A-874A-4D2D-7E71E9A364CC}"
EndProject
Project("{FAE04EC0-301F-11D3-BF4B-00C04F79EFBC}") = "Unity.TextMeshPro", "Unity.TextMeshPro.csproj", "{17333472-E40A-386E-2318-0665ACA602FF}"
EndProject
Project("{FAE04EC0-301F-11D3-BF4B-00C04F79EFBC}") = "Unity.Timeline", "Unity.Timeline.csproj", "{E156B910-EEBB-585B-3821-417059A03FFB}"
EndProject
Project("{FAE04EC0-301F-11D3-BF4B-00C04F79EFBC}") = "Assembly-CSharp", "Assembly-CSharp.csproj", "{A33045D2-1A1D-48EC-BD9B-73D2DBD89F94}"
EndProject
Project("{FAE04EC0-301F-11D3-BF4B-00C04F79EFBC}") = "Assembly-CSharp-firstpass", "Assembly-CSharp-firstpass.csproj", "{E6896FC2-C256-38EB-019A-28D14ADD5920}"
EndProject
Project("{FAE04EC0-301F-11D3-BF4B-00C04F79EFBC}") = "Unity.PlasticSCM.Editor", "Unity.PlasticSCM.Editor.csproj", "{2174CB39-E6AF-593E-F0AC-8E7CDBA93218}"
EndProject
Project("{FAE04EC0-301F-11D3-BF4B-00C04F79EFBC}") = "Unity.VisualScripting.Core.Editor", "Unity.VisualScripting.Core.Editor.csproj", "{CA2ABB57-A26E-C99A-A034-DFB8DBC83637}"
EndProject
Project("{FAE04EC0-301F-11D3-BF4B-00C04F79EFBC}") = "Unity.VisualScripting.Flow.Editor", "Unity.VisualScripting.Flow.Editor.csproj", "{A359B327-FBB7-8226-47B9-9D80CAAA1739}"
EndProject
Project("{FAE04EC0-301F-11D3-BF4B-00C04F79EFBC}") = "Unity.VisualStudio.Editor", "Unity.VisualStudio.Editor.csproj", "{AB9443A2-2C5C-29A4-4376-8F8952150C5D}"
EndProject
Project("{FAE04EC0-301F-11D3-BF4B-00C04F79EFBC}") = "Unity.Timeline.Editor", "Unity.Timeline.Editor.csproj", "{73059031-C75C-93DF-20D8-D7DD93D2EF1D}"
EndProject
Project("{FAE04EC0-301F-11D3-BF4B-00C04F79EFBC}") = "Unity.VisualScripting.State.Editor", "Unity.VisualScripting.State.Editor.csproj", "{6E31611A-5477-D7B2-41DE-AC50488740A4}"
EndProject
Project("{FAE04EC0-301F-11D3-BF4B-00C04F79EFBC}") = "Unity.TextMeshPro.Editor", "Unity.TextMeshPro.Editor.csproj", "{FED416DF-7967-8A2D-BA40-38D66B8A1F1A}"
EndProject
Project("{FAE04EC0-301F-11D3-BF4B-00C04F79EFBC}") = "Unity.VisualScripting.SettingsProvider.Editor", "Unity.VisualScripting.SettingsProvider.Editor.csproj", "{ADA099B2-47CA-265A-A8E6-89E1C95B6EBD}"
EndProject
Project("{FAE04EC0-301F-11D3-BF4B-00C04F79EFBC}") = "UnityEditor.TestRunner", "UnityEditor.TestRunner.csproj", "{F741EB64-9370-197C-4BDA-ABCB7C5A6BCA}"
EndProject
Project("{FAE04EC0-301F-11D3-BF4B-00C04F79EFBC}") = "Unity.TestTools.CodeCoverage.Editor", "Unity.TestTools.CodeCoverage.Editor.csproj", "{D77FFC05-BBB7-5238-549B-A02703468E55}"
EndProject
Project("{FAE04EC0-301F-11D3-BF4B-00C04F79EFBC}") = "Unity.Rider.Editor", "Unity.Rider.Editor.csproj", "{AAFD5BC5-56ED-2790-1269-1ADAB5EBDC74}"
EndProject
Project("{FAE04EC0-301F-11D3-BF4B-00C04F79EFBC}") = "Unity.Performance.Profile-Analyzer.Editor", "Unity.Performance.Profile-Analyzer.Editor.csproj", "{FA01C333-62B7-04B5-A308-11C48F310E5F}"
EndProject
Project("{FAE04EC0-301F-11D3-BF4B-00C04F79EFBC}") = "Unity.VSCode.Editor", "Unity.VSCode.Editor.csproj", "{CE8C6BA4-E9F5-8746-20DC-B20DCD78F738}"
EndProject
Project("{FAE04EC0-301F-11D3-BF4B-00C04F79EFBC}") = "UnityEditor.UI", "UnityEditor.UI.csproj", "{DBAA7C29-E768-5682-0BB2-77BF9A21B859}"
EndProject
Project("{FAE04EC0-301F-11D3-BF4B-00C04F79EFBC}") = "Unity.TestTools.CodeCoverage.Editor.OpenCover.Model", "Unity.TestTools.CodeCoverage.Editor.OpenCover.Model.csproj", "{7355700C-CE4B-F5E6-C732-02D6E440E5BA}"
EndProject
Project("{FAE04EC0-301F-11D3-BF4B-00C04F79EFBC}") = "Unity.EditorCoroutines.Editor", "Unity.EditorCoroutines.Editor.csproj", "{D3CE4CBA-C507-5FB1-5CEB-545EE2A672AD}"
EndProject
Project("{FAE04EC0-301F-11D3-BF4B-00C04F79EFBC}") = "Unity.Settings.Editor", "Unity.Settings.Editor.csproj", "{3B08667E-EA82-D1B9-11DA-EA67908EFF0C}"
EndProject
Project("{FAE04EC0-301F-11D3-BF4B-00C04F79EFBC}") = "Unity.CollabProxy.Editor", "Unity.CollabProxy.Editor.csproj", "{46F384B5-AFC3-42C3-BD94-A37384DDBC04}"
EndProject
Project("{FAE04EC0-301F-11D3-BF4B-00C04F79EFBC}") = "Unity.TestTools.CodeCoverage.Editor.OpenCover.Mono.Reflection", "Unity.TestTools.CodeCoverage.Editor.OpenCover.Mono.Reflection.csproj", "{83A7928E-F625-F164-AF74-5C91BFCBA340}"
EndProject
Project("{FAE04EC0-301F-11D3-BF4B-00C04F79EFBC}") = "Unity.VisualScripting.Shared.Editor", "Unity.VisualScripting.Shared.Editor.csproj", "{64E9B9C8-1901-365E-1E9E-C4C39CBE4D20}"
EndProject
Global
	GlobalSection(SolutionConfigurationPlatforms) = preSolution
		Debug|Any CPU = Debug|Any CPU
		Release|Any CPU = Release|Any CPU
	EndGlobalSection
	GlobalSection(ProjectConfigurationPlatforms) = postSolution
		{D3E68B37-90E7-31C3-B3AD-A6B5660F13A8}.Debug|Any CPU.ActiveCfg = Debug|Any CPU
		{D3E68B37-90E7-31C3-B3AD-A6B5660F13A8}.Debug|Any CPU.Build.0 = Debug|Any CPU
		{D3E68B37-90E7-31C3-B3AD-A6B5660F13A8}.Release|Any CPU.ActiveCfg = Release|Any CPU
		{D3E68B37-90E7-31C3-B3AD-A6B5660F13A8}.Release|Any CPU.Build.0 = Release|Any CPU
		{78A75F1E-C336-C8E4-8C4C-BD54BDFC4C44}.Debug|Any CPU.ActiveCfg = Debug|Any CPU
		{78A75F1E-C336-C8E4-8C4C-BD54BDFC4C44}.Debug|Any CPU.Build.0 = Debug|Any CPU
		{78A75F1E-C336-C8E4-8C4C-BD54BDFC4C44}.Release|Any CPU.ActiveCfg = Release|Any CPU
		{78A75F1E-C336-C8E4-8C4C-BD54BDFC4C44}.Release|Any CPU.Build.0 = Release|Any CPU
		{207975E9-E1B6-B7E5-F748-C843DA753700}.Debug|Any CPU.ActiveCfg = Debug|Any CPU
		{207975E9-E1B6-B7E5-F748-C843DA753700}.Debug|Any CPU.Build.0 = Debug|Any CPU
		{207975E9-E1B6-B7E5-F748-C843DA753700}.Release|Any CPU.ActiveCfg = Release|Any CPU
		{207975E9-E1B6-B7E5-F748-C843DA753700}.Release|Any CPU.Build.0 = Release|Any CPU
		{B9B56E57-398C-EE30-62EA-A65D6B0D778A}.Debug|Any CPU.ActiveCfg = Debug|Any CPU
		{B9B56E57-398C-EE30-62EA-A65D6B0D778A}.Debug|Any CPU.Build.0 = Debug|Any CPU
		{B9B56E57-398C-EE30-62EA-A65D6B0D778A}.Release|Any CPU.ActiveCfg = Release|Any CPU
		{B9B56E57-398C-EE30-62EA-A65D6B0D778A}.Release|Any CPU.Build.0 = Release|Any CPU
		{DB15AE32-C11A-874A-4D2D-7E71E9A364CC}.Debug|Any CPU.ActiveCfg = Debug|Any CPU
		{DB15AE32-C11A-874A-4D2D-7E71E9A364CC}.Debug|Any CPU.Build.0 = Debug|Any CPU
		{DB15AE32-C11A-874A-4D2D-7E71E9A364CC}.Release|Any CPU.ActiveCfg = Release|Any CPU
		{DB15AE32-C11A-874A-4D2D-7E71E9A364CC}.Release|Any CPU.Build.0 = Release|Any CPU
		{17333472-E40A-386E-2318-0665ACA602FF}.Debug|Any CPU.ActiveCfg = Debug|Any CPU
		{17333472-E40A-386E-2318-0665ACA602FF}.Debug|Any CPU.Build.0 = Debug|Any CPU
		{17333472-E40A-386E-2318-0665ACA602FF}.Release|Any CPU.ActiveCfg = Release|Any CPU
		{17333472-E40A-386E-2318-0665ACA602FF}.Release|Any CPU.Build.0 = Release|Any CPU
		{E156B910-EEBB-585B-3821-417059A03FFB}.Debug|Any CPU.ActiveCfg = Debug|Any CPU
		{E156B910-EEBB-585B-3821-417059A03FFB}.Debug|Any CPU.Build.0 = Debug|Any CPU
		{E156B910-EEBB-585B-3821-417059A03FFB}.Release|Any CPU.ActiveCfg = Release|Any CPU
		{E156B910-EEBB-585B-3821-417059A03FFB}.Release|Any CPU.Build.0 = Release|Any CPU
		{A33045D2-1A1D-48EC-BD9B-73D2DBD89F94}.Debug|Any CPU.ActiveCfg = Debug|Any CPU
		{A33045D2-1A1D-48EC-BD9B-73D2DBD89F94}.Debug|Any CPU.Build.0 = Debug|Any CPU
		{A33045D2-1A1D-48EC-BD9B-73D2DBD89F94}.Release|Any CPU.ActiveCfg = Release|Any CPU
		{A33045D2-1A1D-48EC-BD9B-73D2DBD89F94}.Release|Any CPU.Build.0 = Release|Any CPU
		{E6896FC2-C256-38EB-019A-28D14ADD5920}.Debug|Any CPU.ActiveCfg = Debug|Any CPU
		{E6896FC2-C256-38EB-019A-28D14ADD5920}.Debug|Any CPU.Build.0 = Debug|Any CPU
		{E6896FC2-C256-38EB-019A-28D14ADD5920}.Release|Any CPU.ActiveCfg = Release|Any CPU
		{E6896FC2-C256-38EB-019A-28D14ADD5920}.Release|Any CPU.Build.0 = Release|Any CPU
		{2174CB39-E6AF-593E-F0AC-8E7CDBA93218}.Debug|Any CPU.ActiveCfg = Debug|Any CPU
		{2174CB39-E6AF-593E-F0AC-8E7CDBA93218}.Debug|Any CPU.Build.0 = Debug|Any CPU
		{2174CB39-E6AF-593E-F0AC-8E7CDBA93218}.Release|Any CPU.ActiveCfg = Release|Any CPU
		{2174CB39-E6AF-593E-F0AC-8E7CDBA93218}.Release|Any CPU.Build.0 = Release|Any CPU
		{CA2ABB57-A26E-C99A-A034-DFB8DBC83637}.Debug|Any CPU.ActiveCfg = Debug|Any CPU
		{CA2ABB57-A26E-C99A-A034-DFB8DBC83637}.Debug|Any CPU.Build.0 = Debug|Any CPU
		{CA2ABB57-A26E-C99A-A034-DFB8DBC83637}.Release|Any CPU.ActiveCfg = Release|Any CPU
		{CA2ABB57-A26E-C99A-A034-DFB8DBC83637}.Release|Any CPU.Build.0 = Release|Any CPU
		{A359B327-FBB7-8226-47B9-9D80CAAA1739}.Debug|Any CPU.ActiveCfg = Debug|Any CPU
		{A359B327-FBB7-8226-47B9-9D80CAAA1739}.Debug|Any CPU.Build.0 = Debug|Any CPU
		{A359B327-FBB7-8226-47B9-9D80CAAA1739}.Release|Any CPU.ActiveCfg = Release|Any CPU
		{A359B327-FBB7-8226-47B9-9D80CAAA1739}.Release|Any CPU.Build.0 = Release|Any CPU
		{AB9443A2-2C5C-29A4-4376-8F8952150C5D}.Debug|Any CPU.ActiveCfg = Debug|Any CPU
		{AB9443A2-2C5C-29A4-4376-8F8952150C5D}.Debug|Any CPU.Build.0 = Debug|Any CPU
		{AB9443A2-2C5C-29A4-4376-8F8952150C5D}.Release|Any CPU.ActiveCfg = Release|Any CPU
		{AB9443A2-2C5C-29A4-4376-8F8952150C5D}.Release|Any CPU.Build.0 = Release|Any CPU
		{73059031-C75C-93DF-20D8-D7DD93D2EF1D}.Debug|Any CPU.ActiveCfg = Debug|Any CPU
		{73059031-C75C-93DF-20D8-D7DD93D2EF1D}.Debug|Any CPU.Build.0 = Debug|Any CPU
		{73059031-C75C-93DF-20D8-D7DD93D2EF1D}.Release|Any CPU.ActiveCfg = Release|Any CPU
		{73059031-C75C-93DF-20D8-D7DD93D2EF1D}.Release|Any CPU.Build.0 = Release|Any CPU
		{6E31611A-5477-D7B2-41DE-AC50488740A4}.Debug|Any CPU.ActiveCfg = Debug|Any CPU
		{6E31611A-5477-D7B2-41DE-AC50488740A4}.Debug|Any CPU.Build.0 = Debug|Any CPU
		{6E31611A-5477-D7B2-41DE-AC50488740A4}.Release|Any CPU.ActiveCfg = Release|Any CPU
		{6E31611A-5477-D7B2-41DE-AC50488740A4}.Release|Any CPU.Build.0 = Release|Any CPU
		{FED416DF-7967-8A2D-BA40-38D66B8A1F1A}.Debug|Any CPU.ActiveCfg = Debug|Any CPU
		{FED416DF-7967-8A2D-BA40-38D66B8A1F1A}.Debug|Any CPU.Build.0 = Debug|Any CPU
		{FED416DF-7967-8A2D-BA40-38D66B8A1F1A}.Release|Any CPU.ActiveCfg = Release|Any CPU
		{FED416DF-7967-8A2D-BA40-38D66B8A1F1A}.Release|Any CPU.Build.0 = Release|Any CPU
		{ADA099B2-47CA-265A-A8E6-89E1C95B6EBD}.Debug|Any CPU.ActiveCfg = Debug|Any CPU
		{ADA099B2-47CA-265A-A8E6-89E1C95B6EBD}.Debug|Any CPU.Build.0 = Debug|Any CPU
		{ADA099B2-47CA-265A-A8E6-89E1C95B6EBD}.Release|Any CPU.ActiveCfg = Release|Any CPU
		{ADA099B2-47CA-265A-A8E6-89E1C95B6EBD}.Release|Any CPU.Build.0 = Release|Any CPU
		{F741EB64-9370-197C-4BDA-ABCB7C5A6BCA}.Debug|Any CPU.ActiveCfg = Debug|Any CPU
		{F741EB64-9370-197C-4BDA-ABCB7C5A6BCA}.Debug|Any CPU.Build.0 = Debug|Any CPU
		{F741EB64-9370-197C-4BDA-ABCB7C5A6BCA}.Release|Any CPU.ActiveCfg = Release|Any CPU
		{F741EB64-9370-197C-4BDA-ABCB7C5A6BCA}.Release|Any CPU.Build.0 = Release|Any CPU
		{D77FFC05-BBB7-5238-549B-A02703468E55}.Debug|Any CPU.ActiveCfg = Debug|Any CPU
		{D77FFC05-BBB7-5238-549B-A02703468E55}.Debug|Any CPU.Build.0 = Debug|Any CPU
		{D77FFC05-BBB7-5238-549B-A02703468E55}.Release|Any CPU.ActiveCfg = Release|Any CPU
		{D77FFC05-BBB7-5238-549B-A02703468E55}.Release|Any CPU.Build.0 = Release|Any CPU
		{AAFD5BC5-56ED-2790-1269-1ADAB5EBDC74}.Debug|Any CPU.ActiveCfg = Debug|Any CPU
		{AAFD5BC5-56ED-2790-1269-1ADAB5EBDC74}.Debug|Any CPU.Build.0 = Debug|Any CPU
		{AAFD5BC5-56ED-2790-1269-1ADAB5EBDC74}.Release|Any CPU.ActiveCfg = Release|Any CPU
		{AAFD5BC5-56ED-2790-1269-1ADAB5EBDC74}.Release|Any CPU.Build.0 = Release|Any CPU
		{FA01C333-62B7-04B5-A308-11C48F310E5F}.Debug|Any CPU.ActiveCfg = Debug|Any CPU
		{FA01C333-62B7-04B5-A308-11C48F310E5F}.Debug|Any CPU.Build.0 = Debug|Any CPU
		{FA01C333-62B7-04B5-A308-11C48F310E5F}.Release|Any CPU.ActiveCfg = Release|Any CPU
		{FA01C333-62B7-04B5-A308-11C48F310E5F}.Release|Any CPU.Build.0 = Release|Any CPU
		{CE8C6BA4-E9F5-8746-20DC-B20DCD78F738}.Debug|Any CPU.ActiveCfg = Debug|Any CPU
		{CE8C6BA4-E9F5-8746-20DC-B20DCD78F738}.Debug|Any CPU.Build.0 = Debug|Any CPU
		{CE8C6BA4-E9F5-8746-20DC-B20DCD78F738}.Release|Any CPU.ActiveCfg = Release|Any CPU
		{CE8C6BA4-E9F5-8746-20DC-B20DCD78F738}.Release|Any CPU.Build.0 = Release|Any CPU
		{DBAA7C29-E768-5682-0BB2-77BF9A21B859}.Debug|Any CPU.ActiveCfg = Debug|Any CPU
		{DBAA7C29-E768-5682-0BB2-77BF9A21B859}.Debug|Any CPU.Build.0 = Debug|Any CPU
		{DBAA7C29-E768-5682-0BB2-77BF9A21B859}.Release|Any CPU.ActiveCfg = Release|Any CPU
		{DBAA7C29-E768-5682-0BB2-77BF9A21B859}.Release|Any CPU.Build.0 = Release|Any CPU
		{7355700C-CE4B-F5E6-C732-02D6E440E5BA}.Debug|Any CPU.ActiveCfg = Debug|Any CPU
		{7355700C-CE4B-F5E6-C732-02D6E440E5BA}.Debug|Any CPU.Build.0 = Debug|Any CPU
		{7355700C-CE4B-F5E6-C732-02D6E440E5BA}.Release|Any CPU.ActiveCfg = Release|Any CPU
		{7355700C-CE4B-F5E6-C732-02D6E440E5BA}.Release|Any CPU.Build.0 = Release|Any CPU
		{D3CE4CBA-C507-5FB1-5CEB-545EE2A672AD}.Debug|Any CPU.ActiveCfg = Debug|Any CPU
		{D3CE4CBA-C507-5FB1-5CEB-545EE2A672AD}.Debug|Any CPU.Build.0 = Debug|Any CPU
		{D3CE4CBA-C507-5FB1-5CEB-545EE2A672AD}.Release|Any CPU.ActiveCfg = Release|Any CPU
		{D3CE4CBA-C507-5FB1-5CEB-545EE2A672AD}.Release|Any CPU.Build.0 = Release|Any CPU
		{3B08667E-EA82-D1B9-11DA-EA67908EFF0C}.Debug|Any CPU.ActiveCfg = Debug|Any CPU
		{3B08667E-EA82-D1B9-11DA-EA67908EFF0C}.Debug|Any CPU.Build.0 = Debug|Any CPU
		{3B08667E-EA82-D1B9-11DA-EA67908EFF0C}.Release|Any CPU.ActiveCfg = Release|Any CPU
		{3B08667E-EA82-D1B9-11DA-EA67908EFF0C}.Release|Any CPU.Build.0 = Release|Any CPU
		{46F384B5-AFC3-42C3-BD94-A37384DDBC04}.Debug|Any CPU.ActiveCfg = Debug|Any CPU
		{46F384B5-AFC3-42C3-BD94-A37384DDBC04}.Debug|Any CPU.Build.0 = Debug|Any CPU
		{46F384B5-AFC3-42C3-BD94-A37384DDBC04}.Release|Any CPU.ActiveCfg = Release|Any CPU
		{46F384B5-AFC3-42C3-BD94-A37384DDBC04}.Release|Any CPU.Build.0 = Release|Any CPU
		{83A7928E-F625-F164-AF74-5C91BFCBA340}.Debug|Any CPU.ActiveCfg = Debug|Any CPU
		{83A7928E-F625-F164-AF74-5C91BFCBA340}.Debug|Any CPU.Build.0 = Debug|Any CPU
		{83A7928E-F625-F164-AF74-5C91BFCBA340}.Release|Any CPU.ActiveCfg = Release|Any CPU
		{83A7928E-F625-F164-AF74-5C91BFCBA340}.Release|Any CPU.Build.0 = Release|Any CPU
		{64E9B9C8-1901-365E-1E9E-C4C39CBE4D20}.Debug|Any CPU.ActiveCfg = Debug|Any CPU
		{64E9B9C8-1901-365E-1E9E-C4C39CBE4D20}.Debug|Any CPU.Build.0 = Debug|Any CPU
		{64E9B9C8-1901-365E-1E9E-C4C39CBE4D20}.Release|Any CPU.ActiveCfg = Release|Any CPU
		{64E9B9C8-1901-365E-1E9E-C4C39CBE4D20}.Release|Any CPU.Build.0 = Release|Any CPU
	EndGlobalSection
	GlobalSection(SolutionProperties) = preSolution
		HideSolutionNode = FALSE
	EndGlobalSection
EndGlobal
